
Microsoft Visual Studio Solution File, Format Version 12.00
# Visual Studio Version 17
VisualStudioVersion = 17.4.33205.214
MinimumVisualStudioVersion = 10.0.40219.1
Project("{FAE04EC0-301F-11D3-BF4B-00C04F79EFBC}") = "ChatClient", "MiniChat_NguyenVanTuan\ChatClient.csproj", "{BA738E1B-28E1-4A4A-961E-459452E9E916}"
EndProject
Project("{FAE04EC0-301F-11D3-BF4B-00C04F79EFBC}") = "ChatSever", "ChatSever\ChatSever.csproj", "{5725C923-C72B-496A-8DFC-B216BDAB5759}"
EndProject
Global
	GlobalSection(SolutionConfigurationPlatforms) = preSolution
		Debug|Any CPU = Debug|Any CPU
		Release|Any CPU = Release|Any CPU
	EndGlobalSection
	GlobalSection(ProjectConfigurationPlatforms) = postSolution
		{BA738E1B-28E1-4A4A-961E-459452E9E916}.Debug|Any CPU.ActiveCfg = Debug|Any CPU
		{BA738E1B-28E1-4A4A-961E-459452E9E916}.Debug|Any CPU.Build.0 = Debug|Any CPU
		{BA738E1B-28E1-4A4A-961E-459452E9E916}.Release|Any CPU.ActiveCfg = Release|Any CPU
		{BA738E1B-28E1-4A4A-961E-459452E9E916}.Release|Any CPU.Build.0 = Release|Any CPU
		{5725C923-C72B-496A-8DFC-B216BDAB5759}.Debug|Any CPU.ActiveCfg = Debug|Any CPU
		{5725C923-C72B-496A-8DFC-B216BDAB5759}.Debug|Any CPU.Build.0 = Debug|Any CPU
		{5725C923-C72B-496A-8DFC-B216BDAB5759}.Release|Any CPU.ActiveCfg = Release|Any CPU
		{5725C923-C72B-496A-8DFC-B216BDAB5759}.Release|Any CPU.Build.0 = Release|Any CPU
	EndGlobalSection
	GlobalSection(SolutionProperties) = preSolution
		HideSolutionNode = FALSE
	EndGlobalSection
	GlobalSection(ExtensibilityGlobals) = postSolution
		SolutionGuid = {961B00B2-282A-4C05-BA82-F89806271675}
	EndGlobalSection
EndGlobal
